// !$*UTF8*$!
{
	archiveVersion = 1;
	classes = {
	};
	objectVersion = 46;
	objects = {

/* Begin PBXBuildFile section */
		231836761BD35A0700A20478 /* AppDelegate.swift in Sources */ = {isa = PBXBuildFile; fileRef = 231836751BD35A0700A20478 /* AppDelegate.swift */; };
		231836781BD35A0700A20478 /* ViewController.swift in Sources */ = {isa = PBXBuildFile; fileRef = 231836771BD35A0700A20478 /* ViewController.swift */; };
		2318367B1BD35A0700A20478 /* Main.storyboard in Resources */ = {isa = PBXBuildFile; fileRef = 231836791BD35A0700A20478 /* Main.storyboard */; };
		2318367D1BD35A0700A20478 /* Assets.xcassets in Resources */ = {isa = PBXBuildFile; fileRef = 2318367C1BD35A0700A20478 /* Assets.xcassets */; };
		231836801BD35A0700A20478 /* LaunchScreen.storyboard in Resources */ = {isa = PBXBuildFile; fileRef = 2318367E1BD35A0700A20478 /* LaunchScreen.storyboard */; };
		2318368B1BD35A0700A20478 /* Image_PickerTests.swift in Sources */ = {isa = PBXBuildFile; fileRef = 2318368A1BD35A0700A20478 /* Image_PickerTests.swift */; };
		231836961BD35A0700A20478 /* Image_PickerUITests.swift in Sources */ = {isa = PBXBuildFile; fileRef = 231836951BD35A0700A20478 /* Image_PickerUITests.swift */; };
/* End PBXBuildFile section */

/* Begin PBXContainerItemProxy section */
		231836871BD35A0700A20478 /* PBXContainerItemProxy */ = {
			isa = PBXContainerItemProxy;
			containerPortal = 2318366A1BD35A0700A20478 /* Project object */;
			proxyType = 1;
			remoteGlobalIDString = 231836711BD35A0700A20478;
			remoteInfo = "Image Picker";
		};
		231836921BD35A0700A20478 /* PBXContainerItemProxy */ = {
			isa = PBXContainerItemProxy;
			containerPortal = 2318366A1BD35A0700A20478 /* Project object */;
			proxyType = 1;
			remoteGlobalIDString = 231836711BD35A0700A20478;
			remoteInfo = "Image Picker";
		};
/* End PBXContainerItemProxy section */

/* Begin PBXFileReference section */
		231836721BD35A0700A20478 /* Image Picker.app */ = {isa = PBXFileReference; explicitFileType = wrapper.application; includeInIndex = 0; path = "Image Picker.app"; sourceTree = BUILT_PRODUCTS_DIR; };
		231836751BD35A0700A20478 /* AppDelegate.swift */ = {isa = PBXFileReference; lastKnownFileType = sourcecode.swift; path = AppDelegate.swift; sourceTree = "<group>"; };
		231836771BD35A0700A20478 /* ViewController.swift */ = {isa = PBXFileReference; lastKnownFileType = sourcecode.swift; path = ViewController.swift; sourceTree = "<group>"; };
		2318367A1BD35A0700A20478 /* Base */ = {isa = PBXFileReference; lastKnownFileType = file.storyboard; name = Base; path = Base.lproj/Main.storyboard; sourceTree = "<group>"; };
		2318367C1BD35A0700A20478 /* Assets.xcassets */ = {isa = PBXFileReference; lastKnownFileType = folder.assetcatalog; path = Assets.xcassets; sourceTree = "<group>"; };
		2318367F1BD35A0700A20478 /* Base */ = {isa = PBXFileReference; lastKnownFileType = file.storyboard; name = Base; path = Base.lproj/LaunchScreen.storyboard; sourceTree = "<group>"; };
		231836811BD35A0700A20478 /* Info.plist */ = {isa = PBXFileReference; lastKnownFileType = text.plist.xml; path = Info.plist; sourceTree = "<group>"; };
		231836861BD35A0700A20478 /* Image PickerTests.xctest */ = {isa = PBXFileReference; explicitFileType = wrapper.cfbundle; includeInIndex = 0; path = "Image PickerTests.xctest"; sourceTree = BUILT_PRODUCTS_DIR; };
		2318368A1BD35A0700A20478 /* Image_PickerTests.swift */ = {isa = PBXFileReference; lastKnownFileType = sourcecode.swift; path = Image_PickerTests.swift; sourceTree = "<group>"; };
		2318368C1BD35A0700A20478 /* Info.plist */ = {isa = PBXFileReference; lastKnownFileType = text.plist.xml; path = Info.plist; sourceTree = "<group>"; };
		231836911BD35A0700A20478 /* Image PickerUITests.xctest */ = {isa = PBXFileReference; explicitFileType = wrapper.cfbundle; includeInIndex = 0; path = "Image PickerUITests.xctest"; sourceTree = BUILT_PRODUCTS_DIR; };
		231836951BD35A0700A20478 /* Image_PickerUITests.swift */ = {isa = PBXFileReference; lastKnownFileType = sourcecode.swift; path = Image_PickerUITests.swift; sourceTree = "<group>"; };
		231836971BD35A0700A20478 /* Info.plist */ = {isa = PBXFileReference; lastKnownFileType = text.plist.xml; path = Info.plist; sourceTree = "<group>"; };
/* End PBXFileReference section */

/* Begin PBXFrameworksBuildPhase section */
		2318366F1BD35A0700A20478 /* Frameworks */ = {
			isa = PBXFrameworksBuildPhase;
			buildActionMask = 2147483647;
			files = (
			);
			runOnlyForDeploymentPostprocessing = 0;
		};
		231836831BD35A0700A20478 /* Frameworks */ = {
			isa = PBXFrameworksBuildPhase;
			buildActionMask = 2147483647;
			files = (
			);
			runOnlyForDeploymentPostprocessing = 0;
		};
		2318368E1BD35A0700A20478 /* Frameworks */ = {
			isa = PBXFrameworksBuildPhase;
			buildActionMask = 2147483647;
			files = (
			);
			runOnlyForDeploymentPostprocessing = 0;
		};
/* End PBXFrameworksBuildPhase section */

/* Begin PBXGroup section */
		231836691BD35A0700A20478 = {
			isa = PBXGroup;
			children = (
				231836741BD35A0700A20478 /* Image Picker */,
				231836891BD35A0700A20478 /* Image PickerTests */,
				231836941BD35A0700A20478 /* Image PickerUITests */,
				231836731BD35A0700A20478 /* Products */,
			);
			sourceTree = "<group>";
		};
		231836731BD35A0700A20478 /* Products */ = {
			isa = PBXGroup;
			children = (
				231836721BD35A0700A20478 /* Image Picker.app */,
				231836861BD35A0700A20478 /* Image PickerTests.xctest */,
				231836911BD35A0700A20478 /* Image PickerUITests.xctest */,
			);
			name = Products;
			sourceTree = "<group>";
		};
		231836741BD35A0700A20478 /* Image Picker */ = {
			isa = PBXGroup;
			children = (
				231836751BD35A0700A20478 /* AppDelegate.swift */,
				231836771BD35A0700A20478 /* ViewController.swift */,
				231836791BD35A0700A20478 /* Main.storyboard */,
				2318367C1BD35A0700A20478 /* Assets.xcassets */,
				2318367E1BD35A0700A20478 /* LaunchScreen.storyboard */,
				231836811BD35A0700A20478 /* Info.plist */,
			);
			path = "Image Picker";
			sourceTree = "<group>";
		};
		231836891BD35A0700A20478 /* Image PickerTests */ = {
			isa = PBXGroup;
			children = (
				2318368A1BD35A0700A20478 /* Image_PickerTests.swift */,
				2318368C1BD35A0700A20478 /* Info.plist */,
			);
			path = "Image PickerTests";
			sourceTree = "<group>";
		};
		231836941BD35A0700A20478 /* Image PickerUITests */ = {
			isa = PBXGroup;
			children = (
				231836951BD35A0700A20478 /* Image_PickerUITests.swift */,
				231836971BD35A0700A20478 /* Info.plist */,
			);
			path = "Image PickerUITests";
			sourceTree = "<group>";
		};
/* End PBXGroup section */

/* Begin PBXNativeTarget section */
		231836711BD35A0700A20478 /* Image Picker */ = {
			isa = PBXNativeTarget;
			buildConfigurationList = 2318369A1BD35A0700A20478 /* Build configuration list for PBXNativeTarget "Image Picker" */;
			buildPhases = (
				2318366E1BD35A0700A20478 /* Sources */,
				2318366F1BD35A0700A20478 /* Frameworks */,
				231836701BD35A0700A20478 /* Resources */,
			);
			buildRules = (
			);
			dependencies = (
			);
			name = "Image Picker";
			productName = "Image Picker";
			productReference = 231836721BD35A0700A20478 /* Image Picker.app */;
			productType = "com.apple.product-type.application";
		};
		231836851BD35A0700A20478 /* Image PickerTests */ = {
			isa = PBXNativeTarget;
			buildConfigurationList = 2318369D1BD35A0700A20478 /* Build configuration list for PBXNativeTarget "Image PickerTests" */;
			buildPhases = (
				231836821BD35A0700A20478 /* Sources */,
				231836831BD35A0700A20478 /* Frameworks */,
				231836841BD35A0700A20478 /* Resources */,
			);
			buildRules = (
			);
			dependencies = (
				231836881BD35A0700A20478 /* PBXTargetDependency */,
			);
			name = "Image PickerTests";
			productName = "Image PickerTests";
			productReference = 231836861BD35A0700A20478 /* Image PickerTests.xctest */;
			productType = "com.apple.product-type.bundle.unit-test";
		};
		231836901BD35A0700A20478 /* Image PickerUITests */ = {
			isa = PBXNativeTarget;
			buildConfigurationList = 231836A01BD35A0700A20478 /* Build configuration list for PBXNativeTarget "Image PickerUITests" */;
			buildPhases = (
				2318368D1BD35A0700A20478 /* Sources */,
				2318368E1BD35A0700A20478 /* Frameworks */,
				2318368F1BD35A0700A20478 /* Resources */,
			);
			buildRules = (
			);
			dependencies = (
				231836931BD35A0700A20478 /* PBXTargetDependency */,
			);
			name = "Image PickerUITests";
			productName = "Image PickerUITests";
			productReference = 231836911BD35A0700A20478 /* Image PickerUITests.xctest */;
			productType = "com.apple.product-type.bundle.ui-testing";
		};
/* End PBXNativeTarget section */

/* Begin PBXProject section */
		2318366A1BD35A0700A20478 /* Project object */ = {
			isa = PBXProject;
			attributes = {
				LastUpgradeCheck = 0700;
				ORGANIZATIONNAME = bhag;
				TargetAttributes = {
					231836711BD35A0700A20478 = {
						CreatedOnToolsVersion = 7.0.1;
					};
					231836851BD35A0700A20478 = {
						CreatedOnToolsVersion = 7.0.1;
						TestTargetID = 231836711BD35A0700A20478;
					};
					231836901BD35A0700A20478 = {
						CreatedOnToolsVersion = 7.0.1;
						TestTargetID = 231836711BD35A0700A20478;
					};
				};
			};
			buildConfigurationList = 2318366D1BD35A0700A20478 /* Build configuration list for PBXProject "Image Picker" */;
			compatibilityVersion = "Xcode 3.2";
			developmentRegion = English;
			hasScannedForEncodings = 0;
			knownRegions = (
				en,
				Base,
			);
			mainGroup = 231836691BD35A0700A20478;
			productRefGroup = 231836731BD35A0700A20478 /* Products */;
			projectDirPath = "";
			projectRoot = "";
			targets = (
				231836711BD35A0700A20478 /* Image Picker */,
				231836851BD35A0700A20478 /* Image PickerTests */,
				231836901BD35A0700A20478 /* Image PickerUITests */,
			);
		};
/* End PBXProject section */

/* Begin PBXResourcesBuildPhase section */
		231836701BD35A0700A20478 /* Resources */ = {
			isa = PBXResourcesBuildPhase;
			buildActionMask = 2147483647;
			files = (
				231836801BD35A0700A20478 /* LaunchScreen.storyboard in Resources */,
				2318367D1BD35A0700A20478 /* Assets.xcassets in Resources */,
				2318367B1BD35A0700A20478 /* Main.storyboard in Resources */,
			);
			runOnlyForDeploymentPostprocessing = 0;
		};
		231836841BD35A0700A20478 /* Resources */ = {
			isa = PBXResourcesBuildPhase;
			buildActionMask = 2147483647;
			files = (
			);
			runOnlyForDeploymentPostprocessing = 0;
		};
		2318368F1BD35A0700A20478 /* Resources */ = {
			isa = PBXResourcesBuildPhase;
			buildActionMask = 2147483647;
			files = (
			);
			runOnlyForDeploymentPostprocessing = 0;
		};
/* End PBXResourcesBuildPhase section */

/* Begin PBXSourcesBuildPhase section */
		2318366E1BD35A0700A20478 /* Sources */ = {
			isa = PBXSourcesBuildPhase;
			buildActionMask = 2147483647;
			files = (
				231836781BD35A0700A20478 /* ViewController.swift in Sources */,
				231836761BD35A0700A20478 /* AppDelegate.swift in Sources */,
			);
			runOnlyForDeploymentPostprocessing = 0;
		};
		231836821BD35A0700A20478 /* Sources */ = {
			isa = PBXSourcesBuildPhase;
			buildActionMask = 2147483647;
			files = (
				2318368B1BD35A0700A20478 /* Image_PickerTests.swift in Sources */,
			);
			runOnlyForDeploymentPostprocessing = 0;
		};
		2318368D1BD35A0700A20478 /* Sources */ = {
			isa = PBXSourcesBuildPhase;
			buildActionMask = 2147483647;
			files = (
				231836961BD35A0700A20478 /* Image_PickerUITests.swift in Sources */,
			);
			runOnlyForDeploymentPostprocessing = 0;
		};
/* End PBXSourcesBuildPhase section */

/* Begin PBXTargetDependency section */
		231836881BD35A0700A20478 /* PBXTargetDependency */ = {
			isa = PBXTargetDependency;
			target = 231836711BD35A0700A20478 /* Image Picker */;
			targetProxy = 231836871BD35A0700A20478 /* PBXContainerItemProxy */;
		};
		231836931BD35A0700A20478 /* PBXTargetDependency */ = {
			isa = PBXTargetDependency;
			target = 231836711BD35A0700A20478 /* Image Picker */;
			targetProxy = 231836921BD35A0700A20478 /* PBXContainerItemProxy */;
		};
/* End PBXTargetDependency section */

/* Begin PBXVariantGroup section */
		231836791BD35A0700A20478 /* Main.storyboard */ = {
			isa = PBXVariantGroup;
			children = (
				2318367A1BD35A0700A20478 /* Base */,
			);
			name = Main.storyboard;
			sourceTree = "<group>";
		};
		2318367E1BD35A0700A20478 /* LaunchScreen.storyboard */ = {
			isa = PBXVariantGroup;
			children = (
				2318367F1BD35A0700A20478 /* Base */,
			);
			name = LaunchScreen.storyboard;
			sourceTree = "<group>";
		};
/* End PBXVariantGroup section */

/* Begin XCBuildConfiguration section */
		231836981BD35A0700A20478 /* Debug */ = {
			isa = XCBuildConfiguration;
			buildSettings = {
				ALWAYS_SEARCH_USER_PATHS = NO;
				CLANG_CXX_LANGUAGE_STANDARD = "gnu++0x";
				CLANG_CXX_LIBRARY = "libc++";
				CLANG_ENABLE_MODULES = YES;
				CLANG_ENABLE_OBJC_ARC = YES;
				CLANG_WARN_BOOL_CONVERSION = YES;
				CLANG_WARN_CONSTANT_CONVERSION = YES;
				CLANG_WARN_DIRECT_OBJC_ISA_USAGE = YES_ERROR;
				CLANG_WARN_EMPTY_BODY = YES;
				CLANG_WARN_ENUM_CONVERSION = YES;
				CLANG_WARN_INT_CONVERSION = YES;
				CLANG_WARN_OBJC_ROOT_CLASS = YES_ERROR;
				CLANG_WARN_UNREACHABLE_CODE = YES;
				CLANG_WARN__DUPLICATE_METHOD_MATCH = YES;
				"CODE_SIGN_IDENTITY[sdk=iphoneos*]" = "iPhone Developer";
				COPY_PHASE_STRIP = NO;
				DEBUG_INFORMATION_FORMAT = dwarf;
				ENABLE_STRICT_OBJC_MSGSEND = YES;
				ENABLE_TESTABILITY = YES;
				GCC_C_LANGUAGE_STANDARD = gnu99;
				GCC_DYNAMIC_NO_PIC = NO;
				GCC_NO_COMMON_BLOCKS = YES;
				GCC_OPTIMIZATION_LEVEL = 0;
				GCC_PREPROCESSOR_DEFINITIONS = (
					"DEBUG=1",
					"$(inherited)",
				);
				GCC_WARN_64_TO_32_BIT_CONVERSION = YES;
				GCC_WARN_ABOUT_RETURN_TYPE = YES_ERROR;
				GCC_WARN_UNDECLARED_SELECTOR = YES;
				GCC_WARN_UNINITIALIZED_AUTOS = YES_AGGRESSIVE;
				GCC_WARN_UNUSED_FUNCTION = YES;
				GCC_WARN_UNUSED_VARIABLE = YES;
				IPHONEOS_DEPLOYMENT_TARGET = 9.0;
				MTL_ENABLE_DEBUG_INFO = YES;
				ONLY_ACTIVE_ARCH = YES;
				SDKROOT = iphoneos;
				SWIFT_OPTIMIZATION_LEVEL = "-Onone";
			};
			name = Debug;
		};
		231836991BD35A0700A20478 /* Release */ = {
			isa = XCBuildConfiguration;
			buildSettings = {
				ALWAYS_SEARCH_USER_PATHS = NO;
				CLANG_CXX_LANGUAGE_STANDARD = "gnu++0x";
				CLANG_CXX_LIBRARY = "libc++";
				CLANG_ENABLE_MODULES = YES;
				CLANG_ENABLE_OBJC_ARC = YES;
				CLANG_WARN_BOOL_CONVERSION = YES;
				CLANG_WARN_CONSTANT_CONVERSION = YES;
				CLANG_WARN_DIRECT_OBJC_ISA_USAGE = YES_ERROR;
				CLANG_WARN_EMPTY_BODY = YES;
				CLANG_WARN_ENUM_CONVERSION = YES;
				CLANG_WARN_INT_CONVERSION = YES;
				CLANG_WARN_OBJC_ROOT_CLASS = YES_ERROR;
				CLANG_WARN_UNREACHABLE_CODE = YES;
				CLANG_WARN__DUPLICATE_METHOD_MATCH = YES;
				"CODE_SIGN_IDENTITY[sdk=iphoneos*]" = "iPhone Developer";
				COPY_PHASE_STRIP = NO;
				DEBUG_INFORMATION_FORMAT = "dwarf-with-dsym";
				ENABLE_NS_ASSERTIONS = NO;
				ENABLE_STRICT_OBJC_MSGSEND = YES;
				GCC_C_LANGUAGE_STANDARD = gnu99;
				GCC_NO_COMMON_BLOCKS = YES;
				GCC_WARN_64_TO_32_BIT_CONVERSION = YES;
				GCC_WARN_ABOUT_RETURN_TYPE = YES_ERROR;
				GCC_WARN_UNDECLARED_SELECTOR = YES;
				GCC_WARN_UNINITIALIZED_AUTOS = YES_AGGRESSIVE;
				GCC_WARN_UNUSED_FUNCTION = YES;
				GCC_WARN_UNUSED_VARIABLE = YES;
				IPHONEOS_DEPLOYMENT_TARGET = 9.0;
				MTL_ENABLE_DEBUG_INFO = NO;
				SDKROOT = iphoneos;
				VALIDATE_PRODUCT = YES;
			};
			name = Release;
		};
		2318369B1BD35A0700A20478 /* Debug */ = {
			isa = XCBuildConfiguration;
			buildSettings = {
				ASSETCATALOG_COMPILER_APPICON_NAME = AppIcon;
				INFOPLIST_FILE = "Image Picker/Info.plist";
				LD_RUNPATH_SEARCH_PATHS = "$(inherited) @executable_path/Frameworks";
				PRODUCT_BUNDLE_IDENTIFIER = "io.bhag.Image-Picker";
				PRODUCT_NAME = "$(TARGET_NAME)";
			};
			name = Debug;
		};
		2318369C1BD35A0700A20478 /* Release */ = {
			isa = XCBuildConfiguration;
			buildSettings = {
				ASSETCATALOG_COMPILER_APPICON_NAME = AppIcon;
				INFOPLIST_FILE = "Image Picker/Info.plist";
				LD_RUNPATH_SEARCH_PATHS = "$(inherited) @executable_path/Frameworks";
				PRODUCT_BUNDLE_IDENTIFIER = "io.bhag.Image-Picker";
				PRODUCT_NAME = "$(TARGET_NAME)";
			};
			name = Release;
		};
		2318369E1BD35A0700A20478 /* Debug */ = {
			isa = XCBuildConfiguration;
			buildSettings = {
				BUNDLE_LOADER = "$(TEST_HOST)";
				INFOPLIST_FILE = "Image PickerTests/Info.plist";
				LD_RUNPATH_SEARCH_PATHS = "$(inherited) @executable_path/Frameworks @loader_path/Frameworks";
				PRODUCT_BUNDLE_IDENTIFIER = "io.bhag.Image-PickerTests";
				PRODUCT_NAME = "$(TARGET_NAME)";
				TEST_HOST = "$(BUILT_PRODUCTS_DIR)/Image Picker.app/Image Picker";
			};
			name = Debug;
		};
		2318369F1BD35A0700A20478 /* Release */ = {
			isa = XCBuildConfiguration;
			buildSettings = {
				BUNDLE_LOADER = "$(TEST_HOST)";
				INFOPLIST_FILE = "Image PickerTests/Info.plist";
				LD_RUNPATH_SEARCH_PATHS = "$(inherited) @executable_path/Frameworks @loader_path/Frameworks";
				PRODUCT_BUNDLE_IDENTIFIER = "io.bhag.Image-PickerTests";
				PRODUCT_NAME = "$(TARGET_NAME)";
				TEST_HOST = "$(BUILT_PRODUCTS_DIR)/Image Picker.app/Image Picker";
			};
			name = Release;
		};
		231836A11BD35A0700A20478 /* Debug */ = {
			isa = XCBuildConfiguration;
			buildSettings = {
				INFOPLIST_FILE = "Image PickerUITests/Info.plist";
				LD_RUNPATH_SEARCH_PATHS = "$(inherited) @executable_path/Frameworks @loader_path/Frameworks";
				PRODUCT_BUNDLE_IDENTIFIER = "io.bhag.Image-PickerUITests";
				PRODUCT_NAME = "$(TARGET_NAME)";
				TEST_TARGET_NAME = "Image Picker";
				USES_XCTRUNNER = YES;
			};
			name = Debug;
		};
		231836A21BD35A0700A20478 /* Release */ = {
			isa = XCBuildConfiguration;
			buildSettings = {
				INFOPLIST_FILE = "Image PickerUITests/Info.plist";
				LD_RUNPATH_SEARCH_PATHS = "$(inherited) @executable_path/Frameworks @loader_path/Frameworks";
				PRODUCT_BUNDLE_IDENTIFIER = "io.bhag.Image-PickerUITests";
				PRODUCT_NAME = "$(TARGET_NAME)";
				TEST_TARGET_NAME = "Image Picker";
				USES_XCTRUNNER = YES;
			};
			name = Release;
		};
/* End XCBuildConfiguration section */

/* Begin XCConfigurationList section */
		2318366D1BD35A0700A20478 /* Build configuration list for PBXProject "Image Picker" */ = {
			isa = XCConfigurationList;
			buildConfigurations = (
				231836981BD35A0700A20478 /* Debug */,
				231836991BD35A0700A20478 /* Release */,
			);
			defaultConfigurationIsVisible = 0;
			defaultConfigurationName = Release;
		};
		2318369A1BD35A0700A20478 /* Build configuration list for PBXNativeTarget "Image Picker" */ = {
			isa = XCConfigurationList;
			buildConfigurations = (
				2318369B1BD35A0700A20478 /* Debug */,
				2318369C1BD35A0700A20478 /* Release */,
			);
			defaultConfigurationIsVisible = 0;
		};
		2318369D1BD35A0700A20478 /* Build configuration list for PBXNativeTarget "Image PickerTests" */ = {
			isa = XCConfigurationList;
			buildConfigurations = (
				2318369E1BD35A0700A20478 /* Debug */,
				2318369F1BD35A0700A20478 /* Release */,
			);
			defaultConfigurationIsVisible = 0;
		};
		231836A01BD35A0700A20478 /* Build configuration list for PBXNativeTarget "Image PickerUITests" */ = {
			isa = XCConfigurationList;
			buildConfigurations = (
				231836A11BD35A0700A20478 /* Debug */,
				231836A21BD35A0700A20478 /* Release */,
			);
			defaultConfigurationIsVisible = 0;
		};
/* End XCConfigurationList section */
	};
	rootObject = 2318366A1BD35A0700A20478 /* Project object */;
}
